
Microsoft Visual Studio Solution File, Format Version 12.00
# Visual Studio Version 17
VisualStudioVersion = 17.11.35303.130
MinimumVisualStudioVersion = 10.0.40219.1
Project("{9A19103F-16F7-4668-BE54-9A1E7A4F7556}") = "Excembly_vAlpha", "Excembly_vAlpha\Excembly_vAlpha.csproj", "{729C323C-9936-4197-99DE-7AAA84089CE3}"
EndProject
Global
	GlobalSection(SolutionConfigurationPlatforms) = preSolution
		Debug|Any CPU = Debug|Any CPU
		Release|Any CPU = Release|Any CPU
	EndGlobalSection
	GlobalSection(ProjectConfigurationPlatforms) = postSolution
		{729C323C-9936-4197-99DE-7AAA84089CE3}.Debug|Any CPU.ActiveCfg = Debug|Any CPU
		{729C323C-9936-4197-99DE-7AAA84089CE3}.Debug|Any CPU.Build.0 = Debug|Any CPU
		{729C323C-9936-4197-99DE-7AAA84089CE3}.Release|Any CPU.ActiveCfg = Release|Any CPU
		{729C323C-9936-4197-99DE-7AAA84089CE3}.Release|Any CPU.Build.0 = Release|Any CPU
	EndGlobalSection
	GlobalSection(SolutionProperties) = preSolution
		HideSolutionNode = FALSE
	EndGlobalSection
	GlobalSection(ExtensibilityGlobals) = postSolution
		SolutionGuid = {390589C8-3A59-4BC3-B925-7B280B433975}
	EndGlobalSection
EndGlobal
